// !$*UTF8*$!
{
	archiveVersion = 1;
	classes = {
	};
	objectVersion = 56;
	objects = {

/* Begin PBXBuildFile section */
		05049A932B18797300525C0F /* User.swift in Sources */ = {isa = PBXBuildFile; fileRef = 05049A922B18797300525C0F /* User.swift */; };
		05049A952B187A2500525C0F /* Games.swift in Sources */ = {isa = PBXBuildFile; fileRef = 05049A942B187A2500525C0F /* Games.swift */; };
		055757822B10819400E442D3 /* HomeTableViewCell.swift in Sources */ = {isa = PBXBuildFile; fileRef = 055757812B10819400E442D3 /* HomeTableViewCell.swift */; };
		055757842B109E7E00E442D3 /* AdminViewController.swift in Sources */ = {isa = PBXBuildFile; fileRef = 055757832B109E7E00E442D3 /* AdminViewController.swift */; };
		055757862B10AAD000E442D3 /* HomeTabBarController.swift in Sources */ = {isa = PBXBuildFile; fileRef = 055757852B10AAD000E442D3 /* HomeTabBarController.swift */; };
		056E148D2AE25D2700774D92 /* AppDelegate.swift in Sources */ = {isa = PBXBuildFile; fileRef = 056E148C2AE25D2700774D92 /* AppDelegate.swift */; };
		056E148F2AE25D2700774D92 /* SceneDelegate.swift in Sources */ = {isa = PBXBuildFile; fileRef = 056E148E2AE25D2700774D92 /* SceneDelegate.swift */; };
		056E14912AE25D2700774D92 /* ViewController.swift in Sources */ = {isa = PBXBuildFile; fileRef = 056E14902AE25D2700774D92 /* ViewController.swift */; };
		056E14942AE25D2700774D92 /* Main.storyboard in Resources */ = {isa = PBXBuildFile; fileRef = 056E14922AE25D2700774D92 /* Main.storyboard */; };
		056E14972AE25D2700774D92 /* Toyz4HI.xcdatamodeld in Sources */ = {isa = PBXBuildFile; fileRef = 056E14952AE25D2700774D92 /* Toyz4HI.xcdatamodeld */; };
		056E14992AE25D2800774D92 /* Assets.xcassets in Resources */ = {isa = PBXBuildFile; fileRef = 056E14982AE25D2800774D92 /* Assets.xcassets */; };
		056E149C2AE25D2800774D92 /* LaunchScreen.storyboard in Resources */ = {isa = PBXBuildFile; fileRef = 056E149A2AE25D2800774D92 /* LaunchScreen.storyboard */; };
		056E14EE2AE26EDD00774D92 /* RegisterViewController.swift in Sources */ = {isa = PBXBuildFile; fileRef = 056E14ED2AE26EDD00774D92 /* RegisterViewController.swift */; };
		056E14F02AE27D1A00774D92 /* LoginViewController.swift in Sources */ = {isa = PBXBuildFile; fileRef = 056E14EF2AE27D1A00774D92 /* LoginViewController.swift */; };
		056F04112B1EE5E400E7E841 /* AddGameViewController.swift in Sources */ = {isa = PBXBuildFile; fileRef = 056F04102B1EE5E400E7E841 /* AddGameViewController.swift */; };
		05B392502AE7B22B0015CAF6 /* HomeViewController.swift in Sources */ = {isa = PBXBuildFile; fileRef = 05B3924F2AE7B22B0015CAF6 /* HomeViewController.swift */; };
		05FB35A82B21A99A00A2DF2C /* AdminTableViewCell.swift in Sources */ = {isa = PBXBuildFile; fileRef = 05FB35A72B21A99A00A2DF2C /* AdminTableViewCell.swift */; };
		05FB35AA2B21D1DC00A2DF2C /* CartTableViewCell.swift in Sources */ = {isa = PBXBuildFile; fileRef = 05FB35A92B21D1DC00A2DF2C /* CartTableViewCell.swift */; };
		05FB35AC2B21D20200A2DF2C /* CartViewController.swift in Sources */ = {isa = PBXBuildFile; fileRef = 05FB35AB2B21D20200A2DF2C /* CartViewController.swift */; };
/* End PBXBuildFile section */

/* Begin PBXFileReference section */
		05049A922B18797300525C0F /* User.swift */ = {isa = PBXFileReference; lastKnownFileType = sourcecode.swift; path = User.swift; sourceTree = "<group>"; };
		05049A942B187A2500525C0F /* Games.swift */ = {isa = PBXFileReference; lastKnownFileType = sourcecode.swift; path = Games.swift; sourceTree = "<group>"; };
		055757812B10819400E442D3 /* HomeTableViewCell.swift */ = {isa = PBXFileReference; lastKnownFileType = sourcecode.swift; path = HomeTableViewCell.swift; sourceTree = "<group>"; };
		055757832B109E7E00E442D3 /* AdminViewController.swift */ = {isa = PBXFileReference; lastKnownFileType = sourcecode.swift; path = AdminViewController.swift; sourceTree = "<group>"; };
		055757852B10AAD000E442D3 /* HomeTabBarController.swift */ = {isa = PBXFileReference; lastKnownFileType = sourcecode.swift; path = HomeTabBarController.swift; sourceTree = "<group>"; };
		056E14892AE25D2700774D92 /* Toyz4HI.app */ = {isa = PBXFileReference; explicitFileType = wrapper.application; includeInIndex = 0; path = Toyz4HI.app; sourceTree = BUILT_PRODUCTS_DIR; };
		056E148C2AE25D2700774D92 /* AppDelegate.swift */ = {isa = PBXFileReference; lastKnownFileType = sourcecode.swift; path = AppDelegate.swift; sourceTree = "<group>"; };
		056E148E2AE25D2700774D92 /* SceneDelegate.swift */ = {isa = PBXFileReference; lastKnownFileType = sourcecode.swift; path = SceneDelegate.swift; sourceTree = "<group>"; };
		056E14902AE25D2700774D92 /* ViewController.swift */ = {isa = PBXFileReference; lastKnownFileType = sourcecode.swift; path = ViewController.swift; sourceTree = "<group>"; };
		056E14932AE25D2700774D92 /* Base */ = {isa = PBXFileReference; lastKnownFileType = file.storyboard; name = Base; path = Base.lproj/Main.storyboard; sourceTree = "<group>"; };
		056E14962AE25D2700774D92 /* Toyz4HI.xcdatamodel */ = {isa = PBXFileReference; lastKnownFileType = wrapper.xcdatamodel; path = Toyz4HI.xcdatamodel; sourceTree = "<group>"; };
		056E14982AE25D2800774D92 /* Assets.xcassets */ = {isa = PBXFileReference; lastKnownFileType = folder.assetcatalog; path = Assets.xcassets; sourceTree = "<group>"; };
		056E149B2AE25D2800774D92 /* Base */ = {isa = PBXFileReference; lastKnownFileType = file.storyboard; name = Base; path = Base.lproj/LaunchScreen.storyboard; sourceTree = "<group>"; };
		056E149D2AE25D2800774D92 /* Info.plist */ = {isa = PBXFileReference; lastKnownFileType = text.plist.xml; path = Info.plist; sourceTree = "<group>"; };
		056E14ED2AE26EDD00774D92 /* RegisterViewController.swift */ = {isa = PBXFileReference; lastKnownFileType = sourcecode.swift; path = RegisterViewController.swift; sourceTree = "<group>"; };
		056E14EF2AE27D1A00774D92 /* LoginViewController.swift */ = {isa = PBXFileReference; lastKnownFileType = sourcecode.swift; path = LoginViewController.swift; sourceTree = "<group>"; };
		056F04102B1EE5E400E7E841 /* AddGameViewController.swift */ = {isa = PBXFileReference; lastKnownFileType = sourcecode.swift; path = AddGameViewController.swift; sourceTree = "<group>"; };
		05B3924F2AE7B22B0015CAF6 /* HomeViewController.swift */ = {isa = PBXFileReference; lastKnownFileType = sourcecode.swift; path = HomeViewController.swift; sourceTree = "<group>"; };
		05FB35A72B21A99A00A2DF2C /* AdminTableViewCell.swift */ = {isa = PBXFileReference; lastKnownFileType = sourcecode.swift; path = AdminTableViewCell.swift; sourceTree = "<group>"; };
		05FB35A92B21D1DC00A2DF2C /* CartTableViewCell.swift */ = {isa = PBXFileReference; lastKnownFileType = sourcecode.swift; path = CartTableViewCell.swift; sourceTree = "<group>"; };
		05FB35AB2B21D20200A2DF2C /* CartViewController.swift */ = {isa = PBXFileReference; lastKnownFileType = sourcecode.swift; path = CartViewController.swift; sourceTree = "<group>"; };
/* End PBXFileReference section */

/* Begin PBXFrameworksBuildPhase section */
		056E14862AE25D2700774D92 /* Frameworks */ = {
			isa = PBXFrameworksBuildPhase;
			buildActionMask = 2147483647;
			files = (
			);
			runOnlyForDeploymentPostprocessing = 0;
		};
/* End PBXFrameworksBuildPhase section */

/* Begin PBXGroup section */
		056E14802AE25D2700774D92 = {
			isa = PBXGroup;
			children = (
				056E148B2AE25D2700774D92 /* Toyz4HI */,
				056E148A2AE25D2700774D92 /* Products */,
			);
			sourceTree = "<group>";
		};
		056E148A2AE25D2700774D92 /* Products */ = {
			isa = PBXGroup;
			children = (
				056E14892AE25D2700774D92 /* Toyz4HI.app */,
			);
			name = Products;
			sourceTree = "<group>";
		};
		056E148B2AE25D2700774D92 /* Toyz4HI */ = {
			isa = PBXGroup;
			children = (
				056E148C2AE25D2700774D92 /* AppDelegate.swift */,
				056E148E2AE25D2700774D92 /* SceneDelegate.swift */,
				056E14902AE25D2700774D92 /* ViewController.swift */,
				056E14922AE25D2700774D92 /* Main.storyboard */,
				056E14982AE25D2800774D92 /* Assets.xcassets */,
				056E149A2AE25D2800774D92 /* LaunchScreen.storyboard */,
				056E149D2AE25D2800774D92 /* Info.plist */,
				056E14952AE25D2700774D92 /* Toyz4HI.xcdatamodeld */,
				056E14ED2AE26EDD00774D92 /* RegisterViewController.swift */,
				056E14EF2AE27D1A00774D92 /* LoginViewController.swift */,
				05B3924F2AE7B22B0015CAF6 /* HomeViewController.swift */,
				055757812B10819400E442D3 /* HomeTableViewCell.swift */,
				055757832B109E7E00E442D3 /* AdminViewController.swift */,
				055757852B10AAD000E442D3 /* HomeTabBarController.swift */,
				05049A922B18797300525C0F /* User.swift */,
				05049A942B187A2500525C0F /* Games.swift */,
				056F04102B1EE5E400E7E841 /* AddGameViewController.swift */,
				05FB35A72B21A99A00A2DF2C /* AdminTableViewCell.swift */,
				05FB35A92B21D1DC00A2DF2C /* CartTableViewCell.swift */,
				05FB35AB2B21D20200A2DF2C /* CartViewController.swift */,
			);
			path = Toyz4HI;
			sourceTree = "<group>";
		};
/* End PBXGroup section */

/* Begin PBXNativeTarget section */
		056E14882AE25D2700774D92 /* Toyz4HI */ = {
			isa = PBXNativeTarget;
			buildConfigurationList = 056E14A02AE25D2800774D92 /* Build configuration list for PBXNativeTarget "Toyz4HI" */;
			buildPhases = (
				056E14852AE25D2700774D92 /* Sources */,
				056E14862AE25D2700774D92 /* Frameworks */,
				056E14872AE25D2700774D92 /* Resources */,
			);
			buildRules = (
			);
			dependencies = (
			);
			name = Toyz4HI;
			productName = Toyz4HI;
			productReference = 056E14892AE25D2700774D92 /* Toyz4HI.app */;
			productType = "com.apple.product-type.application";
		};
/* End PBXNativeTarget section */

/* Begin PBXProject section */
		056E14812AE25D2700774D92 /* Project object */ = {
			isa = PBXProject;
			attributes = {
				BuildIndependentTargetsInParallel = 1;
				LastSwiftUpdateCheck = 1410;
				LastUpgradeCheck = 1410;
				TargetAttributes = {
					056E14882AE25D2700774D92 = {
						CreatedOnToolsVersion = 14.1;
					};
				};
			};
			buildConfigurationList = 056E14842AE25D2700774D92 /* Build configuration list for PBXProject "Toyz4HI" */;
			compatibilityVersion = "Xcode 14.0";
			developmentRegion = en;
			hasScannedForEncodings = 0;
			knownRegions = (
				en,
				Base,
			);
			mainGroup = 056E14802AE25D2700774D92;
			productRefGroup = 056E148A2AE25D2700774D92 /* Products */;
			projectDirPath = "";
			projectRoot = "";
			targets = (
				056E14882AE25D2700774D92 /* Toyz4HI */,
			);
		};
/* End PBXProject section */

/* Begin PBXResourcesBuildPhase section */
		056E14872AE25D2700774D92 /* Resources */ = {
			isa = PBXResourcesBuildPhase;
			buildActionMask = 2147483647;
			files = (
				056E149C2AE25D2800774D92 /* LaunchScreen.storyboard in Resources */,
				056E14992AE25D2800774D92 /* Assets.xcassets in Resources */,
				056E14942AE25D2700774D92 /* Main.storyboard in Resources */,
			);
			runOnlyForDeploymentPostprocessing = 0;
		};
/* End PBXResourcesBuildPhase section */

/* Begin PBXSourcesBuildPhase section */
		056E14852AE25D2700774D92 /* Sources */ = {
			isa = PBXSourcesBuildPhase;
			buildActionMask = 2147483647;
			files = (
				055757842B109E7E00E442D3 /* AdminViewController.swift in Sources */,
				056E14F02AE27D1A00774D92 /* LoginViewController.swift in Sources */,
				056E14912AE25D2700774D92 /* ViewController.swift in Sources */,
				05049A952B187A2500525C0F /* Games.swift in Sources */,
				056E148D2AE25D2700774D92 /* AppDelegate.swift in Sources */,
				056F04112B1EE5E400E7E841 /* AddGameViewController.swift in Sources */,
				055757862B10AAD000E442D3 /* HomeTabBarController.swift in Sources */,
				056E148F2AE25D2700774D92 /* SceneDelegate.swift in Sources */,
				056E14EE2AE26EDD00774D92 /* RegisterViewController.swift in Sources */,
				05B392502AE7B22B0015CAF6 /* HomeViewController.swift in Sources */,
				055757822B10819400E442D3 /* HomeTableViewCell.swift in Sources */,
				05FB35A82B21A99A00A2DF2C /* AdminTableViewCell.swift in Sources */,
				05FB35AC2B21D20200A2DF2C /* CartViewController.swift in Sources */,
				05FB35AA2B21D1DC00A2DF2C /* CartTableViewCell.swift in Sources */,
				056E14972AE25D2700774D92 /* Toyz4HI.xcdatamodeld in Sources */,
				05049A932B18797300525C0F /* User.swift in Sources */,
			);
			runOnlyForDeploymentPostprocessing = 0;
		};
/* End PBXSourcesBuildPhase section */

/* Begin PBXVariantGroup section */
		056E14922AE25D2700774D92 /* Main.storyboard */ = {
			isa = PBXVariantGroup;
			children = (
				056E14932AE25D2700774D92 /* Base */,
			);
			name = Main.storyboard;
			sourceTree = "<group>";
		};
		056E149A2AE25D2800774D92 /* LaunchScreen.storyboard */ = {
			isa = PBXVariantGroup;
			children = (
				056E149B2AE25D2800774D92 /* Base */,
			);
			name = LaunchScreen.storyboard;
			sourceTree = "<group>";
		};
/* End PBXVariantGroup section */

/* Begin XCBuildConfiguration section */
		056E149E2AE25D2800774D92 /* Debug */ = {
			isa = XCBuildConfiguration;
			buildSettings = {
				ALWAYS_SEARCH_USER_PATHS = NO;
				CLANG_ANALYZER_NONNULL = YES;
				CLANG_ANALYZER_NUMBER_OBJECT_CONVERSION = YES_AGGRESSIVE;
				CLANG_CXX_LANGUAGE_STANDARD = "gnu++20";
				CLANG_ENABLE_MODULES = YES;
				CLANG_ENABLE_OBJC_ARC = YES;
				CLANG_ENABLE_OBJC_WEAK = YES;
				CLANG_WARN_BLOCK_CAPTURE_AUTORELEASING = YES;
				CLANG_WARN_BOOL_CONVERSION = YES;
				CLANG_WARN_COMMA = YES;
				CLANG_WARN_CONSTANT_CONVERSION = YES;
				CLANG_WARN_DEPRECATED_OBJC_IMPLEMENTATIONS = YES;
				CLANG_WARN_DIRECT_OBJC_ISA_USAGE = YES_ERROR;
				CLANG_WARN_DOCUMENTATION_COMMENTS = YES;
				CLANG_WARN_EMPTY_BODY = YES;
				CLANG_WARN_ENUM_CONVERSION = YES;
				CLANG_WARN_INFINITE_RECURSION = YES;
				CLANG_WARN_INT_CONVERSION = YES;
				CLANG_WARN_NON_LITERAL_NULL_CONVERSION = YES;
				CLANG_WARN_OBJC_IMPLICIT_RETAIN_SELF = YES;
				CLANG_WARN_OBJC_LITERAL_CONVERSION = YES;
				CLANG_WARN_OBJC_ROOT_CLASS = YES_ERROR;
				CLANG_WARN_QUOTED_INCLUDE_IN_FRAMEWORK_HEADER = YES;
				CLANG_WARN_RANGE_LOOP_ANALYSIS = YES;
				CLANG_WARN_STRICT_PROTOTYPES = YES;
				CLANG_WARN_SUSPICIOUS_MOVE = YES;
				CLANG_WARN_UNGUARDED_AVAILABILITY = YES_AGGRESSIVE;
				CLANG_WARN_UNREACHABLE_CODE = YES;
				CLANG_WARN__DUPLICATE_METHOD_MATCH = YES;
				COPY_PHASE_STRIP = NO;
				DEBUG_INFORMATION_FORMAT = dwarf;
				ENABLE_STRICT_OBJC_MSGSEND = YES;
				ENABLE_TESTABILITY = YES;
				GCC_C_LANGUAGE_STANDARD = gnu11;
				GCC_DYNAMIC_NO_PIC = NO;
				GCC_NO_COMMON_BLOCKS = YES;
				GCC_OPTIMIZATION_LEVEL = 0;
				GCC_PREPROCESSOR_DEFINITIONS = (
					"DEBUG=1",
					"$(inherited)",
				);
				GCC_WARN_64_TO_32_BIT_CONVERSION = YES;
				GCC_WARN_ABOUT_RETURN_TYPE = YES_ERROR;
				GCC_WARN_UNDECLARED_SELECTOR = YES;
				GCC_WARN_UNINITIALIZED_AUTOS = YES_AGGRESSIVE;
				GCC_WARN_UNUSED_FUNCTION = YES;
				GCC_WARN_UNUSED_VARIABLE = YES;
				IPHONEOS_DEPLOYMENT_TARGET = 16.1;
				MTL_ENABLE_DEBUG_INFO = INCLUDE_SOURCE;
				MTL_FAST_MATH = YES;
				ONLY_ACTIVE_ARCH = YES;
				SDKROOT = iphoneos;
				SWIFT_ACTIVE_COMPILATION_CONDITIONS = DEBUG;
				SWIFT_OPTIMIZATION_LEVEL = "-Onone";
			};
			name = Debug;
		};
		056E149F2AE25D2800774D92 /* Release */ = {
			isa = XCBuildConfiguration;
			buildSettings = {
				ALWAYS_SEARCH_USER_PATHS = NO;
				CLANG_ANALYZER_NONNULL = YES;
				CLANG_ANALYZER_NUMBER_OBJECT_CONVERSION = YES_AGGRESSIVE;
				CLANG_CXX_LANGUAGE_STANDARD = "gnu++20";
				CLANG_ENABLE_MODULES = YES;
				CLANG_ENABLE_OBJC_ARC = YES;
				CLANG_ENABLE_OBJC_WEAK = YES;
				CLANG_WARN_BLOCK_CAPTURE_AUTORELEASING = YES;
				CLANG_WARN_BOOL_CONVERSION = YES;
				CLANG_WARN_COMMA = YES;
				CLANG_WARN_CONSTANT_CONVERSION = YES;
				CLANG_WARN_DEPRECATED_OBJC_IMPLEMENTATIONS = YES;
				CLANG_WARN_DIRECT_OBJC_ISA_USAGE = YES_ERROR;
				CLANG_WARN_DOCUMENTATION_COMMENTS = YES;
				CLANG_WARN_EMPTY_BODY = YES;
				CLANG_WARN_ENUM_CONVERSION = YES;
				CLANG_WARN_INFINITE_RECURSION = YES;
				CLANG_WARN_INT_CONVERSION = YES;
				CLANG_WARN_NON_LITERAL_NULL_CONVERSION = YES;
				CLANG_WARN_OBJC_IMPLICIT_RETAIN_SELF = YES;
				CLANG_WARN_OBJC_LITERAL_CONVERSION = YES;
				CLANG_WARN_OBJC_ROOT_CLASS = YES_ERROR;
				CLANG_WARN_QUOTED_INCLUDE_IN_FRAMEWORK_HEADER = YES;
				CLANG_WARN_RANGE_LOOP_ANALYSIS = YES;
				CLANG_WARN_STRICT_PROTOTYPES = YES;
				CLANG_WARN_SUSPICIOUS_MOVE = YES;
				CLANG_WARN_UNGUARDED_AVAILABILITY = YES_AGGRESSIVE;
				CLANG_WARN_UNREACHABLE_CODE = YES;
				CLANG_WARN__DUPLICATE_METHOD_MATCH = YES;
				COPY_PHASE_STRIP = NO;
				DEBUG_INFORMATION_FORMAT = "dwarf-with-dsym";
				ENABLE_NS_ASSERTIONS = NO;
				ENABLE_STRICT_OBJC_MSGSEND = YES;
				GCC_C_LANGUAGE_STANDARD = gnu11;
				GCC_NO_COMMON_BLOCKS = YES;
				GCC_WARN_64_TO_32_BIT_CONVERSION = YES;
				GCC_WARN_ABOUT_RETURN_TYPE = YES_ERROR;
				GCC_WARN_UNDECLARED_SELECTOR = YES;
				GCC_WARN_UNINITIALIZED_AUTOS = YES_AGGRESSIVE;
				GCC_WARN_UNUSED_FUNCTION = YES;
				GCC_WARN_UNUSED_VARIABLE = YES;
				IPHONEOS_DEPLOYMENT_TARGET = 16.1;
				MTL_ENABLE_DEBUG_INFO = NO;
				MTL_FAST_MATH = YES;
				SDKROOT = iphoneos;
				SWIFT_COMPILATION_MODE = wholemodule;
				SWIFT_OPTIMIZATION_LEVEL = "-O";
				VALIDATE_PRODUCT = YES;
			};
			name = Release;
		};
		056E14A12AE25D2800774D92 /* Debug */ = {
			isa = XCBuildConfiguration;
			buildSettings = {
				ASSETCATALOG_COMPILER_APPICON_NAME = AppIcon;
				ASSETCATALOG_COMPILER_GLOBAL_ACCENT_COLOR_NAME = AccentColor;
				CODE_SIGN_STYLE = Automatic;
				CURRENT_PROJECT_VERSION = 1;
				GENERATE_INFOPLIST_FILE = YES;
				INFOPLIST_FILE = Toyz4HI/Info.plist;
				INFOPLIST_KEY_UIApplicationSupportsIndirectInputEvents = YES;
				INFOPLIST_KEY_UILaunchStoryboardName = LaunchScreen;
				INFOPLIST_KEY_UIMainStoryboardFile = Main;
				INFOPLIST_KEY_UISupportedInterfaceOrientations_iPad = "UIInterfaceOrientationPortrait UIInterfaceOrientationPortraitUpsideDown UIInterfaceOrientationLandscapeLeft UIInterfaceOrientationLandscapeRight";
				INFOPLIST_KEY_UISupportedInterfaceOrientations_iPhone = "UIInterfaceOrientationPortrait UIInterfaceOrientationLandscapeLeft UIInterfaceOrientationLandscapeRight";
				LD_RUNPATH_SEARCH_PATHS = (
					"$(inherited)",
					"@executable_path/Frameworks",
				);
				MARKETING_VERSION = 1.0;
				PRODUCT_BUNDLE_IDENTIFIER = binus.com.Toyz4HI;
				PRODUCT_NAME = "$(TARGET_NAME)";
				SWIFT_EMIT_LOC_STRINGS = YES;
				SWIFT_VERSION = 5.0;
				TARGETED_DEVICE_FAMILY = "1,2";
			};
			name = Debug;
		};
		056E14A22AE25D2800774D92 /* Release */ = {
			isa = XCBuildConfiguration;
			buildSettings = {
				ASSETCATALOG_COMPILER_APPICON_NAME = AppIcon;
				ASSETCATALOG_COMPILER_GLOBAL_ACCENT_COLOR_NAME = AccentColor;
				CODE_SIGN_STYLE = Automatic;
				CURRENT_PROJECT_VERSION = 1;
				GENERATE_INFOPLIST_FILE = YES;
				INFOPLIST_FILE = Toyz4HI/Info.plist;
				INFOPLIST_KEY_UIApplicationSupportsIndirectInputEvents = YES;
				INFOPLIST_KEY_UILaunchStoryboardName = LaunchScreen;
				INFOPLIST_KEY_UIMainStoryboardFile = Main;
				INFOPLIST_KEY_UISupportedInterfaceOrientations_iPad = "UIInterfaceOrientationPortrait UIInterfaceOrientationPortraitUpsideDown UIInterfaceOrientationLandscapeLeft UIInterfaceOrientationLandscapeRight";
				INFOPLIST_KEY_UISupportedInterfaceOrientations_iPhone = "UIInterfaceOrientationPortrait UIInterfaceOrientationLandscapeLeft UIInterfaceOrientationLandscapeRight";
				LD_RUNPATH_SEARCH_PATHS = (
					"$(inherited)",
					"@executable_path/Frameworks",
				);
				MARKETING_VERSION = 1.0;
				PRODUCT_BUNDLE_IDENTIFIER = binus.com.Toyz4HI;
				PRODUCT_NAME = "$(TARGET_NAME)";
				SWIFT_EMIT_LOC_STRINGS = YES;
				SWIFT_VERSION = 5.0;
				TARGETED_DEVICE_FAMILY = "1,2";
			};
			name = Release;
		};
/* End XCBuildConfiguration section */

/* Begin XCConfigurationList section */
		056E14842AE25D2700774D92 /* Build configuration list for PBXProject "Toyz4HI" */ = {
			isa = XCConfigurationList;
			buildConfigurations = (
				056E149E2AE25D2800774D92 /* Debug */,
				056E149F2AE25D2800774D92 /* Release */,
			);
			defaultConfigurationIsVisible = 0;
			defaultConfigurationName = Release;
		};
		056E14A02AE25D2800774D92 /* Build configuration list for PBXNativeTarget "Toyz4HI" */ = {
			isa = XCConfigurationList;
			buildConfigurations = (
				056E14A12AE25D2800774D92 /* Debug */,
				056E14A22AE25D2800774D92 /* Release */,
			);
			defaultConfigurationIsVisible = 0;
			defaultConfigurationName = Release;
		};
/* End XCConfigurationList section */

/* Begin XCVersionGroup section */
		056E14952AE25D2700774D92 /* Toyz4HI.xcdatamodeld */ = {
			isa = XCVersionGroup;
			children = (
				056E14962AE25D2700774D92 /* Toyz4HI.xcdatamodel */,
			);
			currentVersion = 056E14962AE25D2700774D92 /* Toyz4HI.xcdatamodel */;
			path = Toyz4HI.xcdatamodeld;
			sourceTree = "<group>";
			versionGroupType = wrapper.xcdatamodel;
		};
/* End XCVersionGroup section */
	};
	rootObject = 056E14812AE25D2700774D92 /* Project object */;
}
